
Microsoft Visual Studio Solution File, Format Version 12.00
# Visual Studio Version 17
VisualStudioVersion = 17.13.35818.85 d17.13
MinimumVisualStudioVersion = 10.0.40219.1
Project("{FAE04EC0-301F-11D3-BF4B-00C04F79EFBC}") = "mod3", "mod3\mod3.csproj", "{C4ABCDCE-18B4-4131-BD6B-9CFE75E4ED5A}"
EndProject
Global
	GlobalSection(SolutionConfigurationPlatforms) = preSolution
		Debug|Any CPU = Debug|Any CPU
		Release|Any CPU = Release|Any CPU
	EndGlobalSection
	GlobalSection(ProjectConfigurationPlatforms) = postSolution
		{C4ABCDCE-18B4-4131-BD6B-9CFE75E4ED5A}.Debug|Any CPU.ActiveCfg = Debug|Any CPU
		{C4ABCDCE-18B4-4131-BD6B-9CFE75E4ED5A}.Debug|Any CPU.Build.0 = Debug|Any CPU
		{C4ABCDCE-18B4-4131-BD6B-9CFE75E4ED5A}.Release|Any CPU.ActiveCfg = Release|Any CPU
		{C4ABCDCE-18B4-4131-BD6B-9CFE75E4ED5A}.Release|Any CPU.Build.0 = Release|Any CPU
	EndGlobalSection
	GlobalSection(SolutionProperties) = preSolution
		HideSolutionNode = FALSE
	EndGlobalSection
	GlobalSection(ExtensibilityGlobals) = postSolution
		SolutionGuid = {1D5337E8-0E26-4432-992B-5D44177C48CB}
	EndGlobalSection
EndGlobal
